
Microsoft Visual Studio Solution File, Format Version 12.00
# Visual Studio Version 17
VisualStudioVersion = 17.4.33110.190
MinimumVisualStudioVersion = 10.0.40219.1
Project("{FAE04EC0-301F-11D3-BF4B-00C04F79EFBC}") = "ForGithab1612", "ForGithab1612\ForGithab1612.csproj", "{33D8509F-76C4-40AF-AD17-22A7A9E95063}"
EndProject
Global
	GlobalSection(SolutionConfigurationPlatforms) = preSolution
		Debug|Any CPU = Debug|Any CPU
		Release|Any CPU = Release|Any CPU
	EndGlobalSection
	GlobalSection(ProjectConfigurationPlatforms) = postSolution
		{33D8509F-76C4-40AF-AD17-22A7A9E95063}.Debug|Any CPU.ActiveCfg = Debug|Any CPU
		{33D8509F-76C4-40AF-AD17-22A7A9E95063}.Debug|Any CPU.Build.0 = Debug|Any CPU
		{33D8509F-76C4-40AF-AD17-22A7A9E95063}.Release|Any CPU.ActiveCfg = Release|Any CPU
		{33D8509F-76C4-40AF-AD17-22A7A9E95063}.Release|Any CPU.Build.0 = Release|Any CPU
	EndGlobalSection
	GlobalSection(SolutionProperties) = preSolution
		HideSolutionNode = FALSE
	EndGlobalSection
	GlobalSection(ExtensibilityGlobals) = postSolution
		SolutionGuid = {DAFFEEBA-7CD1-4D58-8451-FE71576B9906}
	EndGlobalSection
EndGlobal
